
Microsoft Visual Studio Solution File, Format Version 12.00
Project("{FAE04EC0-301F-11D3-BF4B-00C04F79EFBC}") = "dall-e-telegram-bot", "dall-e-telegram-bot\dall-e-telegram-bot.csproj", "{FAC48B69-CF34-4BED-9920-5D8A9175F624}"
EndProject
Global
	GlobalSection(SolutionConfigurationPlatforms) = preSolution
		Debug|Any CPU = Debug|Any CPU
		Release|Any CPU = Release|Any CPU
	EndGlobalSection
	GlobalSection(ProjectConfigurationPlatforms) = postSolution
		{FAC48B69-CF34-4BED-9920-5D8A9175F624}.Debug|Any CPU.ActiveCfg = Debug|Any CPU
		{FAC48B69-CF34-4BED-9920-5D8A9175F624}.Debug|Any CPU.Build.0 = Debug|Any CPU
		{FAC48B69-CF34-4BED-9920-5D8A9175F624}.Release|Any CPU.ActiveCfg = Release|Any CPU
		{FAC48B69-CF34-4BED-9920-5D8A9175F624}.Release|Any CPU.Build.0 = Release|Any CPU
	EndGlobalSection
EndGlobal
